
Microsoft Visual Studio Solution File, Format Version 12.00
# Visual Studio Version 17
VisualStudioVersion = 17.14.36811.4
MinimumVisualStudioVersion = 10.0.40219.1
Project("{FAE04EC0-301F-11D3-BF4B-00C04F79EFBC}") = "ExpertBase", "ExpertBase.csproj", "{FFCD936B-354E-488E-9739-136797433933}"
EndProject
Project("{FAE04EC0-301F-11D3-BF4B-00C04F79EFBC}") = "AppModbus", "AppModbus_C-\AppModbus.csproj", "{971E7F93-C366-0655-0D28-5BA06D43F3D1}"
EndProject
Global
	GlobalSection(SolutionConfigurationPlatforms) = preSolution
		Debug|Any CPU = Debug|Any CPU
		Release|Any CPU = Release|Any CPU
	EndGlobalSection
	GlobalSection(ProjectConfigurationPlatforms) = postSolution
		{FFCD936B-354E-488E-9739-136797433933}.Debug|Any CPU.ActiveCfg = Debug|Any CPU
		{FFCD936B-354E-488E-9739-136797433933}.Debug|Any CPU.Build.0 = Debug|Any CPU
		{FFCD936B-354E-488E-9739-136797433933}.Release|Any CPU.ActiveCfg = Release|Any CPU
		{FFCD936B-354E-488E-9739-136797433933}.Release|Any CPU.Build.0 = Release|Any CPU
		{971E7F93-C366-0655-0D28-5BA06D43F3D1}.Debug|Any CPU.ActiveCfg = Debug|Any CPU
		{971E7F93-C366-0655-0D28-5BA06D43F3D1}.Debug|Any CPU.Build.0 = Debug|Any CPU
		{971E7F93-C366-0655-0D28-5BA06D43F3D1}.Release|Any CPU.ActiveCfg = Release|Any CPU
		{971E7F93-C366-0655-0D28-5BA06D43F3D1}.Release|Any CPU.Build.0 = Release|Any CPU
	EndGlobalSection
	GlobalSection(SolutionProperties) = preSolution
		HideSolutionNode = FALSE
	EndGlobalSection
	GlobalSection(ExtensibilityGlobals) = postSolution
		SolutionGuid = {3086E6CB-2DA1-4428-A078-FC1505816773}
	EndGlobalSection
EndGlobal
