
Microsoft Visual Studio Solution File, Format Version 12.00
# Visual Studio Version 17
VisualStudioVersion = 17.14.36811.4
MinimumVisualStudioVersion = 10.0.40219.1
Project("{FAE04EC0-301F-11D3-BF4B-00C04F79EFBC}") = "ExpertBase_v1", "ExpertBase_v1.csproj", "{FFCD936B-354E-488E-9739-136797433933}"
EndProject
Project("{FAE04EC0-301F-11D3-BF4B-00C04F79EFBC}") = "AppModbus", "..\AppModbus\AppModbus.csproj", "{BE860CF8-3AF5-4A42-9431-4B5E116EA3E7}"
EndProject
Global
	GlobalSection(SolutionConfigurationPlatforms) = preSolution
		Debug|Any CPU = Debug|Any CPU
		Release|Any CPU = Release|Any CPU
	EndGlobalSection
	GlobalSection(ProjectConfigurationPlatforms) = postSolution
		{FFCD936B-354E-488E-9739-136797433933}.Debug|Any CPU.ActiveCfg = Debug|Any CPU
		{FFCD936B-354E-488E-9739-136797433933}.Debug|Any CPU.Build.0 = Debug|Any CPU
		{FFCD936B-354E-488E-9739-136797433933}.Release|Any CPU.ActiveCfg = Release|Any CPU
		{FFCD936B-354E-488E-9739-136797433933}.Release|Any CPU.Build.0 = Release|Any CPU
		{BE860CF8-3AF5-4A42-9431-4B5E116EA3E7}.Debug|Any CPU.ActiveCfg = Debug|Any CPU
		{BE860CF8-3AF5-4A42-9431-4B5E116EA3E7}.Debug|Any CPU.Build.0 = Debug|Any CPU
		{BE860CF8-3AF5-4A42-9431-4B5E116EA3E7}.Release|Any CPU.ActiveCfg = Release|Any CPU
		{BE860CF8-3AF5-4A42-9431-4B5E116EA3E7}.Release|Any CPU.Build.0 = Release|Any CPU
	EndGlobalSection
	GlobalSection(SolutionProperties) = preSolution
		HideSolutionNode = FALSE
	EndGlobalSection
	GlobalSection(ExtensibilityGlobals) = postSolution
		SolutionGuid = {3086E6CB-2DA1-4428-A078-FC1505816773}
	EndGlobalSection
EndGlobal
